// !$*UTF8*$!
{
	archiveVersion = 1;
	classes = {
	};
	objectVersion = 56;
	objects = {

/* Begin PBXBuildFile section */
		54EB613A28EF02D0004A5985 /* AppDelegate.swift in Sources */ = {isa = PBXBuildFile; fileRef = 54EB613928EF02D0004A5985 /* AppDelegate.swift */; };
		54EB613C28EF02D0004A5985 /* SceneDelegate.swift in Sources */ = {isa = PBXBuildFile; fileRef = 54EB613B28EF02D0004A5985 /* SceneDelegate.swift */; };
		54EB613E28EF02D0004A5985 /* ViewController.swift in Sources */ = {isa = PBXBuildFile; fileRef = 54EB613D28EF02D0004A5985 /* ViewController.swift */; };
		54EB614128EF02D0004A5985 /* Main.storyboard in Resources */ = {isa = PBXBuildFile; fileRef = 54EB613F28EF02D0004A5985 /* Main.storyboard */; };
		54EB614428EF02D0004A5985 /* Classes_vs_Structs_Notes.xcdatamodeld in Sources */ = {isa = PBXBuildFile; fileRef = 54EB614228EF02D0004A5985 /* Classes_vs_Structs_Notes.xcdatamodeld */; };
		54EB614628EF02D1004A5985 /* Assets.xcassets in Resources */ = {isa = PBXBuildFile; fileRef = 54EB614528EF02D1004A5985 /* Assets.xcassets */; };
		54EB614928EF02D1004A5985 /* LaunchScreen.storyboard in Resources */ = {isa = PBXBuildFile; fileRef = 54EB614728EF02D1004A5985 /* LaunchScreen.storyboard */; };
/* End PBXBuildFile section */

/* Begin PBXFileReference section */
		54EB613628EF02D0004A5985 /* Classes vs Structs Notes.app */ = {isa = PBXFileReference; explicitFileType = wrapper.application; includeInIndex = 0; path = "Classes vs Structs Notes.app"; sourceTree = BUILT_PRODUCTS_DIR; };
		54EB613928EF02D0004A5985 /* AppDelegate.swift */ = {isa = PBXFileReference; lastKnownFileType = sourcecode.swift; path = AppDelegate.swift; sourceTree = "<group>"; };
		54EB613B28EF02D0004A5985 /* SceneDelegate.swift */ = {isa = PBXFileReference; lastKnownFileType = sourcecode.swift; path = SceneDelegate.swift; sourceTree = "<group>"; };
		54EB613D28EF02D0004A5985 /* ViewController.swift */ = {isa = PBXFileReference; lastKnownFileType = sourcecode.swift; path = ViewController.swift; sourceTree = "<group>"; };
		54EB614028EF02D0004A5985 /* Base */ = {isa = PBXFileReference; lastKnownFileType = file.storyboard; name = Base; path = Base.lproj/Main.storyboard; sourceTree = "<group>"; };
		54EB614328EF02D0004A5985 /* Classes_vs_Structs_Notes.xcdatamodel */ = {isa = PBXFileReference; lastKnownFileType = wrapper.xcdatamodel; path = Classes_vs_Structs_Notes.xcdatamodel; sourceTree = "<group>"; };
		54EB614528EF02D1004A5985 /* Assets.xcassets */ = {isa = PBXFileReference; lastKnownFileType = folder.assetcatalog; path = Assets.xcassets; sourceTree = "<group>"; };
		54EB614828EF02D1004A5985 /* Base */ = {isa = PBXFileReference; lastKnownFileType = file.storyboard; name = Base; path = Base.lproj/LaunchScreen.storyboard; sourceTree = "<group>"; };
		54EB614A28EF02D1004A5985 /* Info.plist */ = {isa = PBXFileReference; lastKnownFileType = text.plist.xml; path = Info.plist; sourceTree = "<group>"; };
/* End PBXFileReference section */

/* Begin PBXFrameworksBuildPhase section */
		54EB613328EF02D0004A5985 /* Frameworks */ = {
			isa = PBXFrameworksBuildPhase;
			buildActionMask = 2147483647;
			files = (
			);
			runOnlyForDeploymentPostprocessing = 0;
		};
/* End PBXFrameworksBuildPhase section */

/* Begin PBXGroup section */
		54EB612D28EF02D0004A5985 = {
			isa = PBXGroup;
			children = (
				54EB613828EF02D0004A5985 /* Classes vs Structs Notes */,
				54EB613728EF02D0004A5985 /* Products */,
			);
			sourceTree = "<group>";
		};
		54EB613728EF02D0004A5985 /* Products */ = {
			isa = PBXGroup;
			children = (
				54EB613628EF02D0004A5985 /* Classes vs Structs Notes.app */,
			);
			name = Products;
			sourceTree = "<group>";
		};
		54EB613828EF02D0004A5985 /* Classes vs Structs Notes */ = {
			isa = PBXGroup;
			children = (
				54EB613928EF02D0004A5985 /* AppDelegate.swift */,
				54EB613B28EF02D0004A5985 /* SceneDelegate.swift */,
				54EB613D28EF02D0004A5985 /* ViewController.swift */,
				54EB613F28EF02D0004A5985 /* Main.storyboard */,
				54EB614528EF02D1004A5985 /* Assets.xcassets */,
				54EB614728EF02D1004A5985 /* LaunchScreen.storyboard */,
				54EB614A28EF02D1004A5985 /* Info.plist */,
				54EB614228EF02D0004A5985 /* Classes_vs_Structs_Notes.xcdatamodeld */,
			);
			path = "Classes vs Structs Notes";
			sourceTree = "<group>";
		};
/* End PBXGroup section */

/* Begin PBXNativeTarget section */
		54EB613528EF02D0004A5985 /* Classes vs Structs Notes */ = {
			isa = PBXNativeTarget;
			buildConfigurationList = 54EB614D28EF02D1004A5985 /* Build configuration list for PBXNativeTarget "Classes vs Structs Notes" */;
			buildPhases = (
				54EB613228EF02D0004A5985 /* Sources */,
				54EB613328EF02D0004A5985 /* Frameworks */,
				54EB613428EF02D0004A5985 /* Resources */,
			);
			buildRules = (
			);
			dependencies = (
			);
			name = "Classes vs Structs Notes";
			productName = "Classes vs Structs Notes";
			productReference = 54EB613628EF02D0004A5985 /* Classes vs Structs Notes.app */;
			productType = "com.apple.product-type.application";
		};
/* End PBXNativeTarget section */

/* Begin PBXProject section */
		54EB612E28EF02D0004A5985 /* Project object */ = {
			isa = PBXProject;
			attributes = {
				BuildIndependentTargetsInParallel = 1;
				LastSwiftUpdateCheck = 1400;
				LastUpgradeCheck = 1400;
				TargetAttributes = {
					54EB613528EF02D0004A5985 = {
						CreatedOnToolsVersion = 14.0.1;
					};
				};
			};
			buildConfigurationList = 54EB613128EF02D0004A5985 /* Build configuration list for PBXProject "Classes vs Structs Notes" */;
			compatibilityVersion = "Xcode 14.0";
			developmentRegion = en;
			hasScannedForEncodings = 0;
			knownRegions = (
				en,
				Base,
			);
			mainGroup = 54EB612D28EF02D0004A5985;
			productRefGroup = 54EB613728EF02D0004A5985 /* Products */;
			projectDirPath = "";
			projectRoot = "";
			targets = (
				54EB613528EF02D0004A5985 /* Classes vs Structs Notes */,
			);
		};
/* End PBXProject section */

/* Begin PBXResourcesBuildPhase section */
		54EB613428EF02D0004A5985 /* Resources */ = {
			isa = PBXResourcesBuildPhase;
			buildActionMask = 2147483647;
			files = (
				54EB614928EF02D1004A5985 /* LaunchScreen.storyboard in Resources */,
				54EB614628EF02D1004A5985 /* Assets.xcassets in Resources */,
				54EB614128EF02D0004A5985 /* Main.storyboard in Resources */,
			);
			runOnlyForDeploymentPostprocessing = 0;
		};
/* End PBXResourcesBuildPhase section */

/* Begin PBXSourcesBuildPhase section */
		54EB613228EF02D0004A5985 /* Sources */ = {
			isa = PBXSourcesBuildPhase;
			buildActionMask = 2147483647;
			files = (
				54EB613E28EF02D0004A5985 /* ViewController.swift in Sources */,
				54EB613A28EF02D0004A5985 /* AppDelegate.swift in Sources */,
				54EB614428EF02D0004A5985 /* Classes_vs_Structs_Notes.xcdatamodeld in Sources */,
				54EB613C28EF02D0004A5985 /* SceneDelegate.swift in Sources */,
			);
			runOnlyForDeploymentPostprocessing = 0;
		};
/* End PBXSourcesBuildPhase section */

/* Begin PBXVariantGroup section */
		54EB613F28EF02D0004A5985 /* Main.storyboard */ = {
			isa = PBXVariantGroup;
			children = (
				54EB614028EF02D0004A5985 /* Base */,
			);
			name = Main.storyboard;
			sourceTree = "<group>";
		};
		54EB614728EF02D1004A5985 /* LaunchScreen.storyboard */ = {
			isa = PBXVariantGroup;
			children = (
				54EB614828EF02D1004A5985 /* Base */,
			);
			name = LaunchScreen.storyboard;
			sourceTree = "<group>";
		};
/* End PBXVariantGroup section */

/* Begin XCBuildConfiguration section */
		54EB614B28EF02D1004A5985 /* Debug */ = {
			isa = XCBuildConfiguration;
			buildSettings = {
				ALWAYS_SEARCH_USER_PATHS = NO;
				CLANG_ANALYZER_NONNULL = YES;
				CLANG_ANALYZER_NUMBER_OBJECT_CONVERSION = YES_AGGRESSIVE;
				CLANG_CXX_LANGUAGE_STANDARD = "gnu++20";
				CLANG_ENABLE_MODULES = YES;
				CLANG_ENABLE_OBJC_ARC = YES;
				CLANG_ENABLE_OBJC_WEAK = YES;
				CLANG_WARN_BLOCK_CAPTURE_AUTORELEASING = YES;
				CLANG_WARN_BOOL_CONVERSION = YES;
				CLANG_WARN_COMMA = YES;
				CLANG_WARN_CONSTANT_CONVERSION = YES;
				CLANG_WARN_DEPRECATED_OBJC_IMPLEMENTATIONS = YES;
				CLANG_WARN_DIRECT_OBJC_ISA_USAGE = YES_ERROR;
				CLANG_WARN_DOCUMENTATION_COMMENTS = YES;
				CLANG_WARN_EMPTY_BODY = YES;
				CLANG_WARN_ENUM_CONVERSION = YES;
				CLANG_WARN_INFINITE_RECURSION = YES;
				CLANG_WARN_INT_CONVERSION = YES;
				CLANG_WARN_NON_LITERAL_NULL_CONVERSION = YES;
				CLANG_WARN_OBJC_IMPLICIT_RETAIN_SELF = YES;
				CLANG_WARN_OBJC_LITERAL_CONVERSION = YES;
				CLANG_WARN_OBJC_ROOT_CLASS = YES_ERROR;
				CLANG_WARN_QUOTED_INCLUDE_IN_FRAMEWORK_HEADER = YES;
				CLANG_WARN_RANGE_LOOP_ANALYSIS = YES;
				CLANG_WARN_STRICT_PROTOTYPES = YES;
				CLANG_WARN_SUSPICIOUS_MOVE = YES;
				CLANG_WARN_UNGUARDED_AVAILABILITY = YES_AGGRESSIVE;
				CLANG_WARN_UNREACHABLE_CODE = YES;
				CLANG_WARN__DUPLICATE_METHOD_MATCH = YES;
				COPY_PHASE_STRIP = NO;
				DEBUG_INFORMATION_FORMAT = dwarf;
				ENABLE_STRICT_OBJC_MSGSEND = YES;
				ENABLE_TESTABILITY = YES;
				GCC_C_LANGUAGE_STANDARD = gnu11;
				GCC_DYNAMIC_NO_PIC = NO;
				GCC_NO_COMMON_BLOCKS = YES;
				GCC_OPTIMIZATION_LEVEL = 0;
				GCC_PREPROCESSOR_DEFINITIONS = (
					"DEBUG=1",
					"$(inherited)",
				);
				GCC_WARN_64_TO_32_BIT_CONVERSION = YES;
				GCC_WARN_ABOUT_RETURN_TYPE = YES_ERROR;
				GCC_WARN_UNDECLARED_SELECTOR = YES;
				GCC_WARN_UNINITIALIZED_AUTOS = YES_AGGRESSIVE;
				GCC_WARN_UNUSED_FUNCTION = YES;
				GCC_WARN_UNUSED_VARIABLE = YES;
				IPHONEOS_DEPLOYMENT_TARGET = 16.0;
				MTL_ENABLE_DEBUG_INFO = INCLUDE_SOURCE;
				MTL_FAST_MATH = YES;
				ONLY_ACTIVE_ARCH = YES;
				SDKROOT = iphoneos;
				SWIFT_ACTIVE_COMPILATION_CONDITIONS = DEBUG;
				SWIFT_OPTIMIZATION_LEVEL = "-Onone";
			};
			name = Debug;
		};
		54EB614C28EF02D1004A5985 /* Release */ = {
			isa = XCBuildConfiguration;
			buildSettings = {
				ALWAYS_SEARCH_USER_PATHS = NO;
				CLANG_ANALYZER_NONNULL = YES;
				CLANG_ANALYZER_NUMBER_OBJECT_CONVERSION = YES_AGGRESSIVE;
				CLANG_CXX_LANGUAGE_STANDARD = "gnu++20";
				CLANG_ENABLE_MODULES = YES;
				CLANG_ENABLE_OBJC_ARC = YES;
				CLANG_ENABLE_OBJC_WEAK = YES;
				CLANG_WARN_BLOCK_CAPTURE_AUTORELEASING = YES;
				CLANG_WARN_BOOL_CONVERSION = YES;
				CLANG_WARN_COMMA = YES;
				CLANG_WARN_CONSTANT_CONVERSION = YES;
				CLANG_WARN_DEPRECATED_OBJC_IMPLEMENTATIONS = YES;
				CLANG_WARN_DIRECT_OBJC_ISA_USAGE = YES_ERROR;
				CLANG_WARN_DOCUMENTATION_COMMENTS = YES;
				CLANG_WARN_EMPTY_BODY = YES;
				CLANG_WARN_ENUM_CONVERSION = YES;
				CLANG_WARN_INFINITE_RECURSION = YES;
				CLANG_WARN_INT_CONVERSION = YES;
				CLANG_WARN_NON_LITERAL_NULL_CONVERSION = YES;
				CLANG_WARN_OBJC_IMPLICIT_RETAIN_SELF = YES;
				CLANG_WARN_OBJC_LITERAL_CONVERSION = YES;
				CLANG_WARN_OBJC_ROOT_CLASS = YES_ERROR;
				CLANG_WARN_QUOTED_INCLUDE_IN_FRAMEWORK_HEADER = YES;
				CLANG_WARN_RANGE_LOOP_ANALYSIS = YES;
				CLANG_WARN_STRICT_PROTOTYPES = YES;
				CLANG_WARN_SUSPICIOUS_MOVE = YES;
				CLANG_WARN_UNGUARDED_AVAILABILITY = YES_AGGRESSIVE;
				CLANG_WARN_UNREACHABLE_CODE = YES;
				CLANG_WARN__DUPLICATE_METHOD_MATCH = YES;
				COPY_PHASE_STRIP = NO;
				DEBUG_INFORMATION_FORMAT = "dwarf-with-dsym";
				ENABLE_NS_ASSERTIONS = NO;
				ENABLE_STRICT_OBJC_MSGSEND = YES;
				GCC_C_LANGUAGE_STANDARD = gnu11;
				GCC_NO_COMMON_BLOCKS = YES;
				GCC_WARN_64_TO_32_BIT_CONVERSION = YES;
				GCC_WARN_ABOUT_RETURN_TYPE = YES_ERROR;
				GCC_WARN_UNDECLARED_SELECTOR = YES;
				GCC_WARN_UNINITIALIZED_AUTOS = YES_AGGRESSIVE;
				GCC_WARN_UNUSED_FUNCTION = YES;
				GCC_WARN_UNUSED_VARIABLE = YES;
				IPHONEOS_DEPLOYMENT_TARGET = 16.0;
				MTL_ENABLE_DEBUG_INFO = NO;
				MTL_FAST_MATH = YES;
				SDKROOT = iphoneos;
				SWIFT_COMPILATION_MODE = wholemodule;
				SWIFT_OPTIMIZATION_LEVEL = "-O";
				VALIDATE_PRODUCT = YES;
			};
			name = Release;
		};
		54EB614E28EF02D1004A5985 /* Debug */ = {
			isa = XCBuildConfiguration;
			buildSettings = {
				ASSETCATALOG_COMPILER_APPICON_NAME = AppIcon;
				ASSETCATALOG_COMPILER_GLOBAL_ACCENT_COLOR_NAME = AccentColor;
				CODE_SIGN_STYLE = Automatic;
				CURRENT_PROJECT_VERSION = 1;
				DEVELOPMENT_TEAM = 99G585SQJY;
				GENERATE_INFOPLIST_FILE = YES;
				INFOPLIST_FILE = "Classes vs Structs Notes/Info.plist";
				INFOPLIST_KEY_UIApplicationSupportsIndirectInputEvents = YES;
				INFOPLIST_KEY_UILaunchStoryboardName = LaunchScreen;
				INFOPLIST_KEY_UIMainStoryboardFile = Main;
				INFOPLIST_KEY_UISupportedInterfaceOrientations_iPad = "UIInterfaceOrientationPortrait UIInterfaceOrientationPortraitUpsideDown UIInterfaceOrientationLandscapeLeft UIInterfaceOrientationLandscapeRight";
				INFOPLIST_KEY_UISupportedInterfaceOrientations_iPhone = "UIInterfaceOrientationPortrait UIInterfaceOrientationLandscapeLeft UIInterfaceOrientationLandscapeRight";
				LD_RUNPATH_SEARCH_PATHS = (
					"$(inherited)",
					"@executable_path/Frameworks",
				);
				MARKETING_VERSION = 1.0;
				PRODUCT_BUNDLE_IDENTIFIER = "CLC.Classes-vs-Structs-Notes";
				PRODUCT_NAME = "$(TARGET_NAME)";
				SWIFT_EMIT_LOC_STRINGS = YES;
				SWIFT_VERSION = 5.0;
				TARGETED_DEVICE_FAMILY = "1,2";
			};
			name = Debug;
		};
		54EB614F28EF02D1004A5985 /* Release */ = {
			isa = XCBuildConfiguration;
			buildSettings = {
				ASSETCATALOG_COMPILER_APPICON_NAME = AppIcon;
				ASSETCATALOG_COMPILER_GLOBAL_ACCENT_COLOR_NAME = AccentColor;
				CODE_SIGN_STYLE = Automatic;
				CURRENT_PROJECT_VERSION = 1;
				DEVELOPMENT_TEAM = 99G585SQJY;
				GENERATE_INFOPLIST_FILE = YES;
				INFOPLIST_FILE = "Classes vs Structs Notes/Info.plist";
				INFOPLIST_KEY_UIApplicationSupportsIndirectInputEvents = YES;
				INFOPLIST_KEY_UILaunchStoryboardName = LaunchScreen;
				INFOPLIST_KEY_UIMainStoryboardFile = Main;
				INFOPLIST_KEY_UISupportedInterfaceOrientations_iPad = "UIInterfaceOrientationPortrait UIInterfaceOrientationPortraitUpsideDown UIInterfaceOrientationLandscapeLeft UIInterfaceOrientationLandscapeRight";
				INFOPLIST_KEY_UISupportedInterfaceOrientations_iPhone = "UIInterfaceOrientationPortrait UIInterfaceOrientationLandscapeLeft UIInterfaceOrientationLandscapeRight";
				LD_RUNPATH_SEARCH_PATHS = (
					"$(inherited)",
					"@executable_path/Frameworks",
				);
				MARKETING_VERSION = 1.0;
				PRODUCT_BUNDLE_IDENTIFIER = "CLC.Classes-vs-Structs-Notes";
				PRODUCT_NAME = "$(TARGET_NAME)";
				SWIFT_EMIT_LOC_STRINGS = YES;
				SWIFT_VERSION = 5.0;
				TARGETED_DEVICE_FAMILY = "1,2";
			};
			name = Release;
		};
/* End XCBuildConfiguration section */

/* Begin XCConfigurationList section */
		54EB613128EF02D0004A5985 /* Build configuration list for PBXProject "Classes vs Structs Notes" */ = {
			isa = XCConfigurationList;
			buildConfigurations = (
				54EB614B28EF02D1004A5985 /* Debug */,
				54EB614C28EF02D1004A5985 /* Release */,
			);
			defaultConfigurationIsVisible = 0;
			defaultConfigurationName = Release;
		};
		54EB614D28EF02D1004A5985 /* Build configuration list for PBXNativeTarget "Classes vs Structs Notes" */ = {
			isa = XCConfigurationList;
			buildConfigurations = (
				54EB614E28EF02D1004A5985 /* Debug */,
				54EB614F28EF02D1004A5985 /* Release */,
			);
			defaultConfigurationIsVisible = 0;
			defaultConfigurationName = Release;
		};
/* End XCConfigurationList section */

/* Begin XCVersionGroup section */
		54EB614228EF02D0004A5985 /* Classes_vs_Structs_Notes.xcdatamodeld */ = {
			isa = XCVersionGroup;
			children = (
				54EB614328EF02D0004A5985 /* Classes_vs_Structs_Notes.xcdatamodel */,
			);
			currentVersion = 54EB614328EF02D0004A5985 /* Classes_vs_Structs_Notes.xcdatamodel */;
			path = Classes_vs_Structs_Notes.xcdatamodeld;
			sourceTree = "<group>";
			versionGroupType = wrapper.xcdatamodel;
		};
/* End XCVersionGroup section */
	};
	rootObject = 54EB612E28EF02D0004A5985 /* Project object */;
}
